
Microsoft Visual Studio Solution File, Format Version 12.00
# Visual Studio Version 17
VisualStudioVersion = 17.5.002.0
MinimumVisualStudioVersion = 10.0.40219.1
Project("{9A19103F-16F7-4668-BE54-9A1E7A4F7556}") = "SchoolManagementApp.MVC", "SchoolManagementApp.MVC.csproj", "{DDFE28B9-BE52-4E37-B6E1-DB6A53E74726}"
EndProject
Global
	GlobalSection(SolutionConfigurationPlatforms) = preSolution
		Debug|Any CPU = Debug|Any CPU
		Release|Any CPU = Release|Any CPU
	EndGlobalSection
	GlobalSection(ProjectConfigurationPlatforms) = postSolution
		{DDFE28B9-BE52-4E37-B6E1-DB6A53E74726}.Debug|Any CPU.ActiveCfg = Debug|Any CPU
		{DDFE28B9-BE52-4E37-B6E1-DB6A53E74726}.Debug|Any CPU.Build.0 = Debug|Any CPU
		{DDFE28B9-BE52-4E37-B6E1-DB6A53E74726}.Release|Any CPU.ActiveCfg = Release|Any CPU
		{DDFE28B9-BE52-4E37-B6E1-DB6A53E74726}.Release|Any CPU.Build.0 = Release|Any CPU
	EndGlobalSection
	GlobalSection(SolutionProperties) = preSolution
		HideSolutionNode = FALSE
	EndGlobalSection
	GlobalSection(ExtensibilityGlobals) = postSolution
		SolutionGuid = {FF40CD17-45D7-4CC8-B06A-3D2C913C30FA}
	EndGlobalSection
EndGlobal
